
Microsoft Visual Studio Solution File, Format Version 12.00
# Visual Studio 2015
Project("{FAE04EC0-301F-11D3-BF4B-00C04F79EFBC}") = "Space Wars.CSharp.Plugins", "Space Wars.CSharp.Plugins.csproj", "{D6DD5218-B2FF-A6C7-B88C-AFBF5A1F2126}"
EndProject
Project("{FAE04EC0-301F-11D3-BF4B-00C04F79EFBC}") = "Space Wars.CSharp", "Space Wars.CSharp.csproj", "{FC8AC331-B457-CD6D-9CF1-220B9F67A232}"
EndProject
Project("{FAE04EC0-301F-11D3-BF4B-00C04F79EFBC}") = "Space Wars.CSharp.Editor", "Space Wars.CSharp.Editor.csproj", "{7C9DEDB9-168E-0E7A-B34A-6E96A6B33A14}"
EndProject
Global
	GlobalSection(SolutionConfigurationPlatforms) = preSolution
		Debug|Any CPU = Debug|Any CPU
		Release|Any CPU = Release|Any CPU
	EndGlobalSection
	GlobalSection(ProjectConfigurationPlatforms) = postSolution
		{D6DD5218-B2FF-A6C7-B88C-AFBF5A1F2126}.Debug|Any CPU.ActiveCfg = Debug|Any CPU
		{D6DD5218-B2FF-A6C7-B88C-AFBF5A1F2126}.Debug|Any CPU.Build.0 = Debug|Any CPU
		{D6DD5218-B2FF-A6C7-B88C-AFBF5A1F2126}.Release|Any CPU.ActiveCfg = Release|Any CPU
		{D6DD5218-B2FF-A6C7-B88C-AFBF5A1F2126}.Release|Any CPU.Build.0 = Release|Any CPU
		{FC8AC331-B457-CD6D-9CF1-220B9F67A232}.Debug|Any CPU.ActiveCfg = Debug|Any CPU
		{FC8AC331-B457-CD6D-9CF1-220B9F67A232}.Debug|Any CPU.Build.0 = Debug|Any CPU
		{FC8AC331-B457-CD6D-9CF1-220B9F67A232}.Release|Any CPU.ActiveCfg = Release|Any CPU
		{FC8AC331-B457-CD6D-9CF1-220B9F67A232}.Release|Any CPU.Build.0 = Release|Any CPU
		{7C9DEDB9-168E-0E7A-B34A-6E96A6B33A14}.Debug|Any CPU.ActiveCfg = Debug|Any CPU
		{7C9DEDB9-168E-0E7A-B34A-6E96A6B33A14}.Debug|Any CPU.Build.0 = Debug|Any CPU
		{7C9DEDB9-168E-0E7A-B34A-6E96A6B33A14}.Release|Any CPU.ActiveCfg = Release|Any CPU
		{7C9DEDB9-168E-0E7A-B34A-6E96A6B33A14}.Release|Any CPU.Build.0 = Release|Any CPU
	EndGlobalSection
	GlobalSection(SolutionProperties) = preSolution
		HideSolutionNode = FALSE
	EndGlobalSection
EndGlobal
